
Microsoft Visual Studio Solution File, Format Version 12.00
# Visual Studio Version 16
VisualStudioVersion = 16.0.30907.101
MinimumVisualStudioVersion = 10.0.40219.1
Project("{9A19103F-16F7-4668-BE54-9A1E7A4F7556}") = "KampIntro", "KampIntro\KampIntro.csproj", "{592313C2-2990-4E43-8F84-4A8831E34A4C}"
EndProject
Project("{9A19103F-16F7-4668-BE54-9A1E7A4F7556}") = "Donguler", "Donguler\Donguler.csproj", "{762E2797-57CA-4DDE-85D0-7B874A52DD08}"
EndProject
Project("{9A19103F-16F7-4668-BE54-9A1E7A4F7556}") = "ClassIntro", "ClassIntro\ClassIntro.csproj", "{A7A712A0-A363-483E-ABD3-A1E8C99B7F38}"
EndProject
Project("{9A19103F-16F7-4668-BE54-9A1E7A4F7556}") = "Metotlar", "Metotlar\Metotlar.csproj", "{CA3223ED-84B5-431F-AFD5-636A26238858}"
EndProject
Project("{9A19103F-16F7-4668-BE54-9A1E7A4F7556}") = "Matematik", "Matematik\Matematik.csproj", "{C801E1C9-8E7B-4E18-A267-AEA5D9B38456}"
EndProject
Project("{9A19103F-16F7-4668-BE54-9A1E7A4F7556}") = "DegerVeReferansTipler", "DegerVeReferansTipler\DegerVeReferansTipler.csproj", "{EEAD8BAD-7281-4728-BA4E-A1CB6703185C}"
EndProject
Project("{9A19103F-16F7-4668-BE54-9A1E7A4F7556}") = "OOP1", "OOP1\OOP1.csproj", "{EBC5CE4C-F8E8-4029-A78A-3CA7736A9D86}"
EndProject
Project("{9A19103F-16F7-4668-BE54-9A1E7A4F7556}") = "Koleksiyonlar", "Koleksiyonlar\Koleksiyonlar.csproj", "{29E4477D-3272-49B9-84F6-F122973D056D}"
EndProject
Project("{9A19103F-16F7-4668-BE54-9A1E7A4F7556}") = "GenericsIntro", "GenericsIntro\GenericsIntro.csproj", "{2E11066E-F69C-4968-9F99-39AB4777DE44}"
EndProject
Project("{FAE04EC0-301F-11D3-BF4B-00C04F79EFBC}") = "Oop2", "Oop2\Oop2.csproj", "{2E3F2277-8D17-4304-B163-35B0815BD59A}"
EndProject
Project("{FAE04EC0-301F-11D3-BF4B-00C04F79EFBC}") = "OOP3", "OOP3\OOP3.csproj", "{E4353CD7-B390-45A0-8F3E-8147997F2A11}"
EndProject
Global
	GlobalSection(SolutionConfigurationPlatforms) = preSolution
		Debug|Any CPU = Debug|Any CPU
		Release|Any CPU = Release|Any CPU
	EndGlobalSection
	GlobalSection(ProjectConfigurationPlatforms) = postSolution
		{592313C2-2990-4E43-8F84-4A8831E34A4C}.Debug|Any CPU.ActiveCfg = Debug|Any CPU
		{592313C2-2990-4E43-8F84-4A8831E34A4C}.Debug|Any CPU.Build.0 = Debug|Any CPU
		{592313C2-2990-4E43-8F84-4A8831E34A4C}.Release|Any CPU.ActiveCfg = Release|Any CPU
		{592313C2-2990-4E43-8F84-4A8831E34A4C}.Release|Any CPU.Build.0 = Release|Any CPU
		{762E2797-57CA-4DDE-85D0-7B874A52DD08}.Debug|Any CPU.ActiveCfg = Debug|Any CPU
		{762E2797-57CA-4DDE-85D0-7B874A52DD08}.Debug|Any CPU.Build.0 = Debug|Any CPU
		{762E2797-57CA-4DDE-85D0-7B874A52DD08}.Release|Any CPU.ActiveCfg = Release|Any CPU
		{762E2797-57CA-4DDE-85D0-7B874A52DD08}.Release|Any CPU.Build.0 = Release|Any CPU
		{A7A712A0-A363-483E-ABD3-A1E8C99B7F38}.Debug|Any CPU.ActiveCfg = Debug|Any CPU
		{A7A712A0-A363-483E-ABD3-A1E8C99B7F38}.Debug|Any CPU.Build.0 = Debug|Any CPU
		{A7A712A0-A363-483E-ABD3-A1E8C99B7F38}.Release|Any CPU.ActiveCfg = Release|Any CPU
		{A7A712A0-A363-483E-ABD3-A1E8C99B7F38}.Release|Any CPU.Build.0 = Release|Any CPU
		{CA3223ED-84B5-431F-AFD5-636A26238858}.Debug|Any CPU.ActiveCfg = Debug|Any CPU
		{CA3223ED-84B5-431F-AFD5-636A26238858}.Debug|Any CPU.Build.0 = Debug|Any CPU
		{CA3223ED-84B5-431F-AFD5-636A26238858}.Release|Any CPU.ActiveCfg = Release|Any CPU
		{CA3223ED-84B5-431F-AFD5-636A26238858}.Release|Any CPU.Build.0 = Release|Any CPU
		{C801E1C9-8E7B-4E18-A267-AEA5D9B38456}.Debug|Any CPU.ActiveCfg = Debug|Any CPU
		{C801E1C9-8E7B-4E18-A267-AEA5D9B38456}.Debug|Any CPU.Build.0 = Debug|Any CPU
		{C801E1C9-8E7B-4E18-A267-AEA5D9B38456}.Release|Any CPU.ActiveCfg = Release|Any CPU
		{C801E1C9-8E7B-4E18-A267-AEA5D9B38456}.Release|Any CPU.Build.0 = Release|Any CPU
		{EEAD8BAD-7281-4728-BA4E-A1CB6703185C}.Debug|Any CPU.ActiveCfg = Debug|Any CPU
		{EEAD8BAD-7281-4728-BA4E-A1CB6703185C}.Debug|Any CPU.Build.0 = Debug|Any CPU
		{EEAD8BAD-7281-4728-BA4E-A1CB6703185C}.Release|Any CPU.ActiveCfg = Release|Any CPU
		{EEAD8BAD-7281-4728-BA4E-A1CB6703185C}.Release|Any CPU.Build.0 = Release|Any CPU
		{EBC5CE4C-F8E8-4029-A78A-3CA7736A9D86}.Debug|Any CPU.ActiveCfg = Debug|Any CPU
		{EBC5CE4C-F8E8-4029-A78A-3CA7736A9D86}.Debug|Any CPU.Build.0 = Debug|Any CPU
		{EBC5CE4C-F8E8-4029-A78A-3CA7736A9D86}.Release|Any CPU.ActiveCfg = Release|Any CPU
		{EBC5CE4C-F8E8-4029-A78A-3CA7736A9D86}.Release|Any CPU.Build.0 = Release|Any CPU
		{29E4477D-3272-49B9-84F6-F122973D056D}.Debug|Any CPU.ActiveCfg = Debug|Any CPU
		{29E4477D-3272-49B9-84F6-F122973D056D}.Debug|Any CPU.Build.0 = Debug|Any CPU
		{29E4477D-3272-49B9-84F6-F122973D056D}.Release|Any CPU.ActiveCfg = Release|Any CPU
		{29E4477D-3272-49B9-84F6-F122973D056D}.Release|Any CPU.Build.0 = Release|Any CPU
		{2E11066E-F69C-4968-9F99-39AB4777DE44}.Debug|Any CPU.ActiveCfg = Debug|Any CPU
		{2E11066E-F69C-4968-9F99-39AB4777DE44}.Debug|Any CPU.Build.0 = Debug|Any CPU
		{2E11066E-F69C-4968-9F99-39AB4777DE44}.Release|Any CPU.ActiveCfg = Release|Any CPU
		{2E11066E-F69C-4968-9F99-39AB4777DE44}.Release|Any CPU.Build.0 = Release|Any CPU
		{2E3F2277-8D17-4304-B163-35B0815BD59A}.Debug|Any CPU.ActiveCfg = Debug|Any CPU
		{2E3F2277-8D17-4304-B163-35B0815BD59A}.Debug|Any CPU.Build.0 = Debug|Any CPU
		{2E3F2277-8D17-4304-B163-35B0815BD59A}.Release|Any CPU.ActiveCfg = Release|Any CPU
		{2E3F2277-8D17-4304-B163-35B0815BD59A}.Release|Any CPU.Build.0 = Release|Any CPU
		{E4353CD7-B390-45A0-8F3E-8147997F2A11}.Debug|Any CPU.ActiveCfg = Debug|Any CPU
		{E4353CD7-B390-45A0-8F3E-8147997F2A11}.Debug|Any CPU.Build.0 = Debug|Any CPU
		{E4353CD7-B390-45A0-8F3E-8147997F2A11}.Release|Any CPU.ActiveCfg = Release|Any CPU
		{E4353CD7-B390-45A0-8F3E-8147997F2A11}.Release|Any CPU.Build.0 = Release|Any CPU
	EndGlobalSection
	GlobalSection(SolutionProperties) = preSolution
		HideSolutionNode = FALSE
	EndGlobalSection
	GlobalSection(ExtensibilityGlobals) = postSolution
		SolutionGuid = {2F72B207-CADC-4986-8426-1BB14E2C6F9A}
	EndGlobalSection
EndGlobal
